github.com/lib/pq v1.12.3 h1:tTWxr2YLKwIvK90ZXEw8GP7UFHtcbTtty8zsI+YjrfQ=
github.com/lib/pq v1.12.3/go.mod h1:/p+8NSbOcwzAEI7wiMXFlgydTwcgTr3OSKMsD2BitpA=
github.com/tigerbeetle/tigerbeetle-go v0.17.0 h1:4Em0MCUXLWgowz/uQ9hKQHMgu3oEWwBirKjDOcDH174=
github.com/tigerbeetle/tigerbeetle-go v0.17.0/go.mod h1:d6G7n4OlD7GLHd62x0VlWPXeI/L0SoNNTfm/ee24GJI=
